
Microsoft Visual Studio Solution File, Format Version 12.00
# Visual Studio Version 16
VisualStudioVersion = 16.0.31129.286
MinimumVisualStudioVersion = 10.0.40219.1
Project("{9A19103F-16F7-4668-BE54-9A1E7A4F7556}") = "YndTest", "YndTest.csproj", "{F815E5D4-A277-418E-A3E9-420509067A30}"
EndProject
Global
	GlobalSection(SolutionConfigurationPlatforms) = preSolution
		Debug|Any CPU = Debug|Any CPU
		Release|Any CPU = Release|Any CPU
	EndGlobalSection
	GlobalSection(ProjectConfigurationPlatforms) = postSolution
		{F815E5D4-A277-418E-A3E9-420509067A30}.Debug|Any CPU.ActiveCfg = Release|Any CPU
		{F815E5D4-A277-418E-A3E9-420509067A30}.Debug|Any CPU.Build.0 = Release|Any CPU
		{F815E5D4-A277-418E-A3E9-420509067A30}.Release|Any CPU.ActiveCfg = Release|Any CPU
		{F815E5D4-A277-418E-A3E9-420509067A30}.Release|Any CPU.Build.0 = Release|Any CPU
	EndGlobalSection
	GlobalSection(SolutionProperties) = preSolution
		HideSolutionNode = FALSE
	EndGlobalSection
	GlobalSection(ExtensibilityGlobals) = postSolution
		SolutionGuid = {54785824-51AF-45D7-B601-A1DDBEC598F6}
	EndGlobalSection
EndGlobal
